
Microsoft Visual Studio Solution File, Format Version 12.00
# Visual Studio Version 17
VisualStudioVersion = 17.1.32104.313
MinimumVisualStudioVersion = 10.0.40219.1
Project("{9A19103F-16F7-4668-BE54-9A1E7A4F7556}") = "TicTacToeBlazor", "TicTacToeBlazor\TicTacToeBlazor.csproj", "{4939ABC6-6AEE-446F-AF87-1BF03C8E21FE}"
EndProject
Project("{FAE04EC0-301F-11D3-BF4B-00C04F79EFBC}") = "TicTacToeMobile", "TicTacToeMobile\TicTacToeMobile.csproj", "{3EF06D3B-8170-40C3-AAB9-372F2491FD96}"
EndProject
Global
	GlobalSection(SolutionConfigurationPlatforms) = preSolution
		Debug|Any CPU = Debug|Any CPU
		Release|Any CPU = Release|Any CPU
	EndGlobalSection
	GlobalSection(ProjectConfigurationPlatforms) = postSolution
		{4939ABC6-6AEE-446F-AF87-1BF03C8E21FE}.Debug|Any CPU.ActiveCfg = Debug|Any CPU
		{4939ABC6-6AEE-446F-AF87-1BF03C8E21FE}.Debug|Any CPU.Build.0 = Debug|Any CPU
		{4939ABC6-6AEE-446F-AF87-1BF03C8E21FE}.Release|Any CPU.ActiveCfg = Release|Any CPU
		{4939ABC6-6AEE-446F-AF87-1BF03C8E21FE}.Release|Any CPU.Build.0 = Release|Any CPU
		{3EF06D3B-8170-40C3-AAB9-372F2491FD96}.Debug|Any CPU.ActiveCfg = Debug|Any CPU
		{3EF06D3B-8170-40C3-AAB9-372F2491FD96}.Debug|Any CPU.Build.0 = Debug|Any CPU
		{3EF06D3B-8170-40C3-AAB9-372F2491FD96}.Debug|Any CPU.Deploy.0 = Debug|Any CPU
		{3EF06D3B-8170-40C3-AAB9-372F2491FD96}.Release|Any CPU.ActiveCfg = Release|Any CPU
		{3EF06D3B-8170-40C3-AAB9-372F2491FD96}.Release|Any CPU.Build.0 = Release|Any CPU
		{3EF06D3B-8170-40C3-AAB9-372F2491FD96}.Release|Any CPU.Deploy.0 = Release|Any CPU
	EndGlobalSection
	GlobalSection(SolutionProperties) = preSolution
		HideSolutionNode = FALSE
	EndGlobalSection
	GlobalSection(ExtensibilityGlobals) = postSolution
		SolutionGuid = {9E8F2B3E-A471-41EA-A09A-94CAD6FBEF05}
	EndGlobalSection
EndGlobal
